// !$*UTF8*$!
{
	archiveVersion = 1;
	classes = {
	};
	objectVersion = 63;
	objects = {

/* Begin PBXBuildFile section */
		21DCF16AC5BFECB688DF405D /* AppMonitor.swift in Sources */ = {isa = PBXBuildFile; fileRef = 80BAFF35E1459F9307CC67B3 /* AppMonitor.swift */; };
		3F3406A9D1E52548B53B6FCE /* Network.framework in Frameworks */ = {isa = PBXBuildFile; fileRef = 72C7D1D1F190CF0E1E7C9219 /* Network.framework */; };
		6422305EBC512D51D6C09CB9 /* SettingsView.swift in Sources */ = {isa = PBXBuildFile; fileRef = 24F75566920457F4B5309CA7 /* SettingsView.swift */; };
		65C3F7F29426309E5A612A26 /* HomieApp.swift in Sources */ = {isa = PBXBuildFile; fileRef = 7D3EF13E3DCE2E0F5588CD70 /* HomieApp.swift */; };
		7691EF48AC2E8DD17F590B78 /* HomeKit.framework in Frameworks */ = {isa = PBXBuildFile; fileRef = E056276B11075CD3826DDE9C /* HomeKit.framework */; };
		7ACF5076082896AE161D8EA1 /* AppDelegate.swift in Sources */ = {isa = PBXBuildFile; fileRef = 10F78ED67B2CEE1824DAF8B6 /* AppDelegate.swift */; };
		81E7DBADF5D001D5C2CFA81B /* HomieCharacter.swift in Sources */ = {isa = PBXBuildFile; fileRef = 7D53186C121A44DCE23BE344 /* HomieCharacter.swift */; };
		CC36CC597D7078716A1E47E9 /* HTTPServer.swift in Sources */ = {isa = PBXBuildFile; fileRef = A2C90F16859DB7E4D4241E36 /* HTTPServer.swift */; };
		DB56D3A479DFA8D39CECC477 /* HomeKitManager.swift in Sources */ = {isa = PBXBuildFile; fileRef = DEFCD4E78FA7FB3F9B1F4F86 /* HomeKitManager.swift */; };
		E7F3DD7B70B786E638A1C0DE /* ServiceManagement.framework in Frameworks */ = {isa = PBXBuildFile; fileRef = 24596DAE42CBC07BBB14B1D6 /* ServiceManagement.framework */; };
		FCDBDD138DAF66A7898EBF26 /* RuleEngine.swift in Sources */ = {isa = PBXBuildFile; fileRef = 6E38E9F04F28CABF500CCB50 /* RuleEngine.swift */; };
/* End PBXBuildFile section */

/* Begin PBXFileReference section */
		00E6DF1970F015F5A1F80E7D /* Homie.app */ = {isa = PBXFileReference; explicitFileType = wrapper.application; includeInIndex = 0; path = Homie.app; sourceTree = BUILT_PRODUCTS_DIR; };
		10F78ED67B2CEE1824DAF8B6 /* AppDelegate.swift */ = {isa = PBXFileReference; lastKnownFileType = sourcecode.swift; path = AppDelegate.swift; sourceTree = "<group>"; };
		24596DAE42CBC07BBB14B1D6 /* ServiceManagement.framework */ = {isa = PBXFileReference; lastKnownFileType = wrapper.framework; name = ServiceManagement.framework; path = System/Library/Frameworks/ServiceManagement.framework; sourceTree = SDKROOT; };
		24F75566920457F4B5309CA7 /* SettingsView.swift */ = {isa = PBXFileReference; lastKnownFileType = sourcecode.swift; path = SettingsView.swift; sourceTree = "<group>"; };
		6E38E9F04F28CABF500CCB50 /* RuleEngine.swift */ = {isa = PBXFileReference; lastKnownFileType = sourcecode.swift; path = RuleEngine.swift; sourceTree = "<group>"; };
		72C7D1D1F190CF0E1E7C9219 /* Network.framework */ = {isa = PBXFileReference; lastKnownFileType = wrapper.framework; name = Network.framework; path = System/Library/Frameworks/Network.framework; sourceTree = SDKROOT; };
		7D3EF13E3DCE2E0F5588CD70 /* HomieApp.swift */ = {isa = PBXFileReference; lastKnownFileType = sourcecode.swift; path = HomieApp.swift; sourceTree = "<group>"; };
		7D53186C121A44DCE23BE344 /* HomieCharacter.swift */ = {isa = PBXFileReference; lastKnownFileType = sourcecode.swift; path = HomieCharacter.swift; sourceTree = "<group>"; };
		80BAFF35E1459F9307CC67B3 /* AppMonitor.swift */ = {isa = PBXFileReference; lastKnownFileType = sourcecode.swift; path = AppMonitor.swift; sourceTree = "<group>"; };
		A2C90F16859DB7E4D4241E36 /* HTTPServer.swift */ = {isa = PBXFileReference; lastKnownFileType = sourcecode.swift; path = HTTPServer.swift; sourceTree = "<group>"; };
		DEFCD4E78FA7FB3F9B1F4F86 /* HomeKitManager.swift */ = {isa = PBXFileReference; lastKnownFileType = sourcecode.swift; path = HomeKitManager.swift; sourceTree = "<group>"; };
		E056276B11075CD3826DDE9C /* HomeKit.framework */ = {isa = PBXFileReference; lastKnownFileType = wrapper.framework; name = HomeKit.framework; path = System/Library/Frameworks/HomeKit.framework; sourceTree = SDKROOT; };
/* End PBXFileReference section */

/* Begin PBXFrameworksBuildPhase section */
		E9706711B01558C50992BA4C /* Frameworks */ = {
			isa = PBXFrameworksBuildPhase;
			buildActionMask = 2147483647;
			files = (
				7691EF48AC2E8DD17F590B78 /* HomeKit.framework in Frameworks */,
				3F3406A9D1E52548B53B6FCE /* Network.framework in Frameworks */,
				E7F3DD7B70B786E638A1C0DE /* ServiceManagement.framework in Frameworks */,
			);
			runOnlyForDeploymentPostprocessing = 0;
		};
/* End PBXFrameworksBuildPhase section */

/* Begin PBXGroup section */
		07B2BFE8C9001D78B671E818 /* UI */ = {
			isa = PBXGroup;
			children = (
				5AA707F61FFB195A2442F3E8 /* Character */,
				A858C1EC8E3A11C6CD35529C /* Settings */,
			);
			path = UI;
			sourceTree = "<group>";
		};
		2DB57F23902F67A6A61C21B3 /* Homie */ = {
			isa = PBXGroup;
			children = (
				B18F96FB8C684D33789A9D4B /* API */,
				D217FC1C471BE34DE7E1F152 /* App */,
				F786B5A9F7670D822122C892 /* Context */,
				FCD13DAAE0E3D6DA846B8CAD /* HomeKit */,
				07B2BFE8C9001D78B671E818 /* UI */,
			);
			path = Homie;
			sourceTree = "<group>";
		};
		5AA707F61FFB195A2442F3E8 /* Character */ = {
			isa = PBXGroup;
			children = (
				7D53186C121A44DCE23BE344 /* HomieCharacter.swift */,
			);
			path = Character;
			sourceTree = "<group>";
		};
		6C8A8ECC6756DA77CD0CACCE = {
			isa = PBXGroup;
			children = (
				2DB57F23902F67A6A61C21B3 /* Homie */,
				E5A96A561C267A8400DF52C5 /* Frameworks */,
				A4C2221B0BFC3282A18CCEC9 /* Products */,
			);
			sourceTree = "<group>";
		};
		A4C2221B0BFC3282A18CCEC9 /* Products */ = {
			isa = PBXGroup;
			children = (
				00E6DF1970F015F5A1F80E7D /* Homie.app */,
			);
			name = Products;
			sourceTree = "<group>";
		};
		A858C1EC8E3A11C6CD35529C /* Settings */ = {
			isa = PBXGroup;
			children = (
				24F75566920457F4B5309CA7 /* SettingsView.swift */,
			);
			path = Settings;
			sourceTree = "<group>";
		};
		B18F96FB8C684D33789A9D4B /* API */ = {
			isa = PBXGroup;
			children = (
				A2C90F16859DB7E4D4241E36 /* HTTPServer.swift */,
			);
			path = API;
			sourceTree = "<group>";
		};
		D217FC1C471BE34DE7E1F152 /* App */ = {
			isa = PBXGroup;
			children = (
				10F78ED67B2CEE1824DAF8B6 /* AppDelegate.swift */,
				7D3EF13E3DCE2E0F5588CD70 /* HomieApp.swift */,
			);
			path = App;
			sourceTree = "<group>";
		};
		E5A96A561C267A8400DF52C5 /* Frameworks */ = {
			isa = PBXGroup;
			children = (
				E056276B11075CD3826DDE9C /* HomeKit.framework */,
				72C7D1D1F190CF0E1E7C9219 /* Network.framework */,
				24596DAE42CBC07BBB14B1D6 /* ServiceManagement.framework */,
			);
			name = Frameworks;
			sourceTree = "<group>";
		};
		F786B5A9F7670D822122C892 /* Context */ = {
			isa = PBXGroup;
			children = (
				80BAFF35E1459F9307CC67B3 /* AppMonitor.swift */,
				6E38E9F04F28CABF500CCB50 /* RuleEngine.swift */,
			);
			path = Context;
			sourceTree = "<group>";
		};
		FCD13DAAE0E3D6DA846B8CAD /* HomeKit */ = {
			isa = PBXGroup;
			children = (
				DEFCD4E78FA7FB3F9B1F4F86 /* HomeKitManager.swift */,
			);
			path = HomeKit;
			sourceTree = "<group>";
		};
/* End PBXGroup section */

/* Begin PBXNativeTarget section */
		13C9420F0B5127D030A238FB /* Homie */ = {
			isa = PBXNativeTarget;
			buildConfigurationList = 9BA78EC2779E4CC0B586C6A1 /* Build configuration list for PBXNativeTarget "Homie" */;
			buildPhases = (
				85EC91F0037AF85F2BCFA348 /* Sources */,
				E9706711B01558C50992BA4C /* Frameworks */,
			);
			buildRules = (
			);
			dependencies = (
			);
			name = Homie;
			packageProductDependencies = (
			);
			productName = Homie;
			productReference = 00E6DF1970F015F5A1F80E7D /* Homie.app */;
			productType = "com.apple.product-type.application";
		};
/* End PBXNativeTarget section */

/* Begin PBXProject section */
		92376699C177824E91D361AE /* Project object */ = {
			isa = PBXProject;
			attributes = {
				BuildIndependentTargetsInParallel = YES;
				LastUpgradeCheck = 1430;
				TargetAttributes = {
					13C9420F0B5127D030A238FB = {
						ProvisioningStyle = Automatic;
					};
				};
			};
			buildConfigurationList = 449B4BE14A91548BBB0A2B28 /* Build configuration list for PBXProject "Homie" */;
			compatibilityVersion = "Xcode 14.0";
			developmentRegion = en;
			hasScannedForEncodings = 0;
			knownRegions = (
				Base,
				en,
			);
			mainGroup = 6C8A8ECC6756DA77CD0CACCE;
			minimizedProjectReferenceProxies = 1;
			projectDirPath = "";
			projectRoot = "";
			targets = (
				13C9420F0B5127D030A238FB /* Homie */,
			);
		};
/* End PBXProject section */

/* Begin PBXSourcesBuildPhase section */
		85EC91F0037AF85F2BCFA348 /* Sources */ = {
			isa = PBXSourcesBuildPhase;
			buildActionMask = 2147483647;
			files = (
				7ACF5076082896AE161D8EA1 /* AppDelegate.swift in Sources */,
				21DCF16AC5BFECB688DF405D /* AppMonitor.swift in Sources */,
				CC36CC597D7078716A1E47E9 /* HTTPServer.swift in Sources */,
				DB56D3A479DFA8D39CECC477 /* HomeKitManager.swift in Sources */,
				65C3F7F29426309E5A612A26 /* HomieApp.swift in Sources */,
				81E7DBADF5D001D5C2CFA81B /* HomieCharacter.swift in Sources */,
				FCDBDD138DAF66A7898EBF26 /* RuleEngine.swift in Sources */,
				6422305EBC512D51D6C09CB9 /* SettingsView.swift in Sources */,
			);
			runOnlyForDeploymentPostprocessing = 0;
		};
/* End PBXSourcesBuildPhase section */

/* Begin XCBuildConfiguration section */
		A0B95804D65317BF4B35D0CA /* Release */ = {
			isa = XCBuildConfiguration;
			buildSettings = {
				ASSETCATALOG_COMPILER_APPICON_NAME = AppIcon;
				CODE_SIGN_ENTITLEMENTS = Homie/Homie.entitlements;
				CODE_SIGN_IDENTITY = "iPhone Developer";
				"CODE_SIGN_IDENTITY[sdk=macosx*]" = "Apple Development";
				CODE_SIGN_STYLE = Automatic;
				CURRENT_PROJECT_VERSION = 1;
				DERIVE_MACCATALYST_PRODUCT_BUNDLE_IDENTIFIER = NO;
				DEVELOPMENT_TEAM = Y7HZ9MR5W8;
				ENABLE_HARDENED_RUNTIME = NO;
				GENERATE_INFOPLIST_FILE = YES;
				INFOPLIST_KEY_LSUIElement = YES;
				INFOPLIST_KEY_NSHomeKitUsageDescription = "Homie needs access to your HomeKit devices to display and control them.";
				INFOPLIST_KEY_NSLocalNetworkUsageDescription = "Homie runs a local HTTP server for automation integrations.";
				INFOPLIST_KEY_UIApplicationSceneManifest_Generation = YES;
				INFOPLIST_KEY_UILaunchScreen_Generation = YES;
				LD_RUNPATH_SEARCH_PATHS = (
					"$(inherited)",
					"@executable_path/Frameworks",
				);
				MARKETING_VERSION = 1.0.0;
				PRODUCT_BUNDLE_IDENTIFIER = com.homie.app;
				"PRODUCT_BUNDLE_IDENTIFIER[sdk=iphoneos*]" = com.ghostmfr.homie;
				"PRODUCT_BUNDLE_IDENTIFIER[sdk=macosx*]" = com.ghostmfr.homie;
				SDKROOT = iphoneos;
				SUPPORTED_PLATFORMS = "iphoneos iphonesimulator";
				SUPPORTS_MACCATALYST = YES;
				SUPPORTS_MAC_DESIGNED_FOR_IPHONE_IPAD = NO;
				SUPPORTS_XR_DESIGNED_FOR_IPHONE_IPAD = YES;
				TARGETED_DEVICE_FAMILY = "1,2,6";
			};
			name = Release;
		};
		C252EB6F2D9DF240C04C8333 /* Debug */ = {
			isa = XCBuildConfiguration;
			buildSettings = {
				ALWAYS_SEARCH_USER_PATHS = NO;
				CLANG_ANALYZER_NONNULL = YES;
				CLANG_ANALYZER_NUMBER_OBJECT_CONVERSION = YES_AGGRESSIVE;
				CLANG_CXX_LANGUAGE_STANDARD = "gnu++14";
				CLANG_CXX_LIBRARY = "libc++";
				CLANG_ENABLE_MODULES = YES;
				CLANG_ENABLE_OBJC_ARC = YES;
				CLANG_ENABLE_OBJC_WEAK = YES;
				CLANG_WARN_BLOCK_CAPTURE_AUTORELEASING = YES;
				CLANG_WARN_BOOL_CONVERSION = YES;
				CLANG_WARN_COMMA = YES;
				CLANG_WARN_CONSTANT_CONVERSION = YES;
				CLANG_WARN_DEPRECATED_OBJC_IMPLEMENTATIONS = YES;
				CLANG_WARN_DIRECT_OBJC_ISA_USAGE = YES_ERROR;
				CLANG_WARN_DOCUMENTATION_COMMENTS = YES;
				CLANG_WARN_EMPTY_BODY = YES;
				CLANG_WARN_ENUM_CONVERSION = YES;
				CLANG_WARN_INFINITE_RECURSION = YES;
				CLANG_WARN_INT_CONVERSION = YES;
				CLANG_WARN_NON_LITERAL_NULL_CONVERSION = YES;
				CLANG_WARN_OBJC_IMPLICIT_RETAIN_SELF = YES;
				CLANG_WARN_OBJC_LITERAL_CONVERSION = YES;
				CLANG_WARN_OBJC_ROOT_CLASS = YES_ERROR;
				CLANG_WARN_QUOTED_INCLUDE_IN_FRAMEWORK_HEADER = YES;
				CLANG_WARN_RANGE_LOOP_ANALYSIS = YES;
				CLANG_WARN_STRICT_PROTOTYPES = YES;
				CLANG_WARN_SUSPICIOUS_MOVE = YES;
				CLANG_WARN_UNGUARDED_AVAILABILITY = YES_AGGRESSIVE;
				CLANG_WARN_UNREACHABLE_CODE = YES;
				CLANG_WARN__DUPLICATE_METHOD_MATCH = YES;
				COPY_PHASE_STRIP = NO;
				DEBUG_INFORMATION_FORMAT = dwarf;
				ENABLE_STRICT_OBJC_MSGSEND = YES;
				ENABLE_TESTABILITY = YES;
				GCC_C_LANGUAGE_STANDARD = gnu11;
				GCC_DYNAMIC_NO_PIC = NO;
				GCC_NO_COMMON_BLOCKS = YES;
				GCC_OPTIMIZATION_LEVEL = 0;
				GCC_PREPROCESSOR_DEFINITIONS = (
					"$(inherited)",
					"DEBUG=1",
				);
				GCC_WARN_64_TO_32_BIT_CONVERSION = YES;
				GCC_WARN_ABOUT_RETURN_TYPE = YES_ERROR;
				GCC_WARN_UNDECLARED_SELECTOR = YES;
				GCC_WARN_UNINITIALIZED_AUTOS = YES_AGGRESSIVE;
				GCC_WARN_UNUSED_FUNCTION = YES;
				GCC_WARN_UNUSED_VARIABLE = YES;
				IPHONEOS_DEPLOYMENT_TARGET = 16.0;
				MTL_ENABLE_DEBUG_INFO = INCLUDE_SOURCE;
				MTL_FAST_MATH = YES;
				ONLY_ACTIVE_ARCH = YES;
				PRODUCT_NAME = "$(TARGET_NAME)";
				SDKROOT = iphoneos;
				SWIFT_ACTIVE_COMPILATION_CONDITIONS = DEBUG;
				SWIFT_OPTIMIZATION_LEVEL = "-Onone";
				SWIFT_VERSION = 5.0;
			};
			name = Debug;
		};
		E64B46D5139581B92304208B /* Debug */ = {
			isa = XCBuildConfiguration;
			buildSettings = {
				ASSETCATALOG_COMPILER_APPICON_NAME = AppIcon;
				CODE_SIGN_ENTITLEMENTS = Homie/Homie.entitlements;
				CODE_SIGN_IDENTITY = "iPhone Developer";
				"CODE_SIGN_IDENTITY[sdk=macosx*]" = "Apple Development";
				CODE_SIGN_STYLE = Automatic;
				CURRENT_PROJECT_VERSION = 1;
				DERIVE_MACCATALYST_PRODUCT_BUNDLE_IDENTIFIER = NO;
				DEVELOPMENT_TEAM = Y7HZ9MR5W8;
				ENABLE_HARDENED_RUNTIME = NO;
				GENERATE_INFOPLIST_FILE = YES;
				INFOPLIST_KEY_LSUIElement = YES;
				INFOPLIST_KEY_NSHomeKitUsageDescription = "Homie needs access to your HomeKit devices to display and control them.";
				INFOPLIST_KEY_NSLocalNetworkUsageDescription = "Homie runs a local HTTP server for automation integrations.";
				INFOPLIST_KEY_UIApplicationSceneManifest_Generation = YES;
				INFOPLIST_KEY_UILaunchScreen_Generation = YES;
				LD_RUNPATH_SEARCH_PATHS = (
					"$(inherited)",
					"@executable_path/Frameworks",
				);
				MARKETING_VERSION = 1.0.0;
				PRODUCT_BUNDLE_IDENTIFIER = com.homie.app;
				"PRODUCT_BUNDLE_IDENTIFIER[sdk=iphoneos*]" = com.ghostmfr.homie;
				"PRODUCT_BUNDLE_IDENTIFIER[sdk=macosx*]" = com.ghostmfr.homie;
				SDKROOT = iphoneos;
				SUPPORTED_PLATFORMS = "iphoneos iphonesimulator";
				SUPPORTS_MACCATALYST = YES;
				SUPPORTS_MAC_DESIGNED_FOR_IPHONE_IPAD = NO;
				SUPPORTS_XR_DESIGNED_FOR_IPHONE_IPAD = YES;
				TARGETED_DEVICE_FAMILY = "1,2,6";
			};
			name = Debug;
		};
		F2D932B9EDC2F14E2E64D7B5 /* Release */ = {
			isa = XCBuildConfiguration;
			buildSettings = {
				ALWAYS_SEARCH_USER_PATHS = NO;
				CLANG_ANALYZER_NONNULL = YES;
				CLANG_ANALYZER_NUMBER_OBJECT_CONVERSION = YES_AGGRESSIVE;
				CLANG_CXX_LANGUAGE_STANDARD = "gnu++14";
				CLANG_CXX_LIBRARY = "libc++";
				CLANG_ENABLE_MODULES = YES;
				CLANG_ENABLE_OBJC_ARC = YES;
				CLANG_ENABLE_OBJC_WEAK = YES;
				CLANG_WARN_BLOCK_CAPTURE_AUTORELEASING = YES;
				CLANG_WARN_BOOL_CONVERSION = YES;
				CLANG_WARN_COMMA = YES;
				CLANG_WARN_CONSTANT_CONVERSION = YES;
				CLANG_WARN_DEPRECATED_OBJC_IMPLEMENTATIONS = YES;
				CLANG_WARN_DIRECT_OBJC_ISA_USAGE = YES_ERROR;
				CLANG_WARN_DOCUMENTATION_COMMENTS = YES;
				CLANG_WARN_EMPTY_BODY = YES;
				CLANG_WARN_ENUM_CONVERSION = YES;
				CLANG_WARN_INFINITE_RECURSION = YES;
				CLANG_WARN_INT_CONVERSION = YES;
				CLANG_WARN_NON_LITERAL_NULL_CONVERSION = YES;
				CLANG_WARN_OBJC_IMPLICIT_RETAIN_SELF = YES;
				CLANG_WARN_OBJC_LITERAL_CONVERSION = YES;
				CLANG_WARN_OBJC_ROOT_CLASS = YES_ERROR;
				CLANG_WARN_QUOTED_INCLUDE_IN_FRAMEWORK_HEADER = YES;
				CLANG_WARN_RANGE_LOOP_ANALYSIS = YES;
				CLANG_WARN_STRICT_PROTOTYPES = YES;
				CLANG_WARN_SUSPICIOUS_MOVE = YES;
				CLANG_WARN_UNGUARDED_AVAILABILITY = YES_AGGRESSIVE;
				CLANG_WARN_UNREACHABLE_CODE = YES;
				CLANG_WARN__DUPLICATE_METHOD_MATCH = YES;
				COPY_PHASE_STRIP = NO;
				DEBUG_INFORMATION_FORMAT = "dwarf-with-dsym";
				ENABLE_NS_ASSERTIONS = NO;
				ENABLE_STRICT_OBJC_MSGSEND = YES;
				GCC_C_LANGUAGE_STANDARD = gnu11;
				GCC_NO_COMMON_BLOCKS = YES;
				GCC_WARN_64_TO_32_BIT_CONVERSION = YES;
				GCC_WARN_ABOUT_RETURN_TYPE = YES_ERROR;
				GCC_WARN_UNDECLARED_SELECTOR = YES;
				GCC_WARN_UNINITIALIZED_AUTOS = YES_AGGRESSIVE;
				GCC_WARN_UNUSED_FUNCTION = YES;
				GCC_WARN_UNUSED_VARIABLE = YES;
				IPHONEOS_DEPLOYMENT_TARGET = 16.0;
				MTL_ENABLE_DEBUG_INFO = NO;
				MTL_FAST_MATH = YES;
				PRODUCT_NAME = "$(TARGET_NAME)";
				SDKROOT = iphoneos;
				SWIFT_COMPILATION_MODE = wholemodule;
				SWIFT_OPTIMIZATION_LEVEL = "-O";
				SWIFT_VERSION = 5.0;
			};
			name = Release;
		};
/* End XCBuildConfiguration section */

/* Begin XCConfigurationList section */
		449B4BE14A91548BBB0A2B28 /* Build configuration list for PBXProject "Homie" */ = {
			isa = XCConfigurationList;
			buildConfigurations = (
				C252EB6F2D9DF240C04C8333 /* Debug */,
				F2D932B9EDC2F14E2E64D7B5 /* Release */,
			);
			defaultConfigurationIsVisible = 0;
			defaultConfigurationName = Debug;
		};
		9BA78EC2779E4CC0B586C6A1 /* Build configuration list for PBXNativeTarget "Homie" */ = {
			isa = XCConfigurationList;
			buildConfigurations = (
				E64B46D5139581B92304208B /* Debug */,
				A0B95804D65317BF4B35D0CA /* Release */,
			);
			defaultConfigurationIsVisible = 0;
			defaultConfigurationName = Debug;
		};
/* End XCConfigurationList section */
	};
	rootObject = 92376699C177824E91D361AE /* Project object */;
}
